{
  "originHash" : "b3fa12d78aeadf6d1a1ce8872ebe6ad9c54af75bdfe815307402323a9a1ff769",
  "pins" : [
    {
      "identity" : "commander",
      "kind" : "remoteSourceControl",
      "location" : "https://github.com/steipete/Commander.git",
      "state" : {
        "revision" : "bd219c4ee9032fee3e009856f81fcc6ec09a85f4",
        "version" : "0.2.4"
      }
    },
    {
      "identity" : "csqlite",
      "kind" : "remoteSourceControl",
      "location" : "https://github.com/stephencelis/CSQLite",
      "state" : {
        "revision" : "8ad83035460a3d1029a2c5a0cca4f980297a9ca2",
        "version" : "3.53.3"
      }
    },
    {
      "identity" : "phonenumberkit",
      "kind" : "remoteSourceControl",
      "location" : "https://github.com/PhoneNumberKit/PhoneNumberKit.git",
      "state" : {
        "revision" : "cf2f1df6f2fe8b49701f4b43f0e97c7bd113d034",
        "version" : "5.0.8"
      }
    },
    {
      "identity" : "sqlite.swift",
      "kind" : "remoteSourceControl",
      "location" : "https://github.com/stephencelis/SQLite.swift.git",
      "state" : {
        "revision" : "964c300fb0736699ce945c9edb56ecd62eba27a3",
        "version" : "0.16.0"
      }
    }
  ],
  "version" : 3
}
